// !$*UTF8*$!
{
	archiveVersion = 1;
	classes = {
	};
	objectVersion = 46;
	objects = {

/* Begin PBXBuildFile section */
		1AC5A4FE57F031961DB68CC5 /* Pods.framework in Frameworks */ = {isa = PBXBuildFile; fileRef = 8203871C678ED87348E9EF84 /* Pods.framework */; };
		49086F0D1CDBBEE9001144D6 /* AddNewChoreTableViewCell.swift in Sources */ = {isa = PBXBuildFile; fileRef = 49086F0C1CDBBEE9001144D6 /* AddNewChoreTableViewCell.swift */; };
		49086F0F1CDBBEFE001144D6 /* ChoreTableViewCell.swift in Sources */ = {isa = PBXBuildFile; fileRef = 49086F0E1CDBBEFE001144D6 /* ChoreTableViewCell.swift */; };
		491C32541CD8728900B6ABAA /* NetworkingManager.swift in Sources */ = {isa = PBXBuildFile; fileRef = 491C32531CD8728900B6ABAA /* NetworkingManager.swift */; };
		494A827B1CD40C8F001C0BAA /* Hope.aif in Resources */ = {isa = PBXBuildFile; fileRef = 494A827A1CD40C8F001C0BAA /* Hope.aif */; };
		496589721CE540A0006BC319 /* AssignTask.storyboard in Resources */ = {isa = PBXBuildFile; fileRef = 496589711CE540A0006BC319 /* AssignTask.storyboard */; };
		496E3D161CDD4C1C00072B3F /* SwitchGroupViewController.swift in Sources */ = {isa = PBXBuildFile; fileRef = 496E3D151CDD4C1C00072B3F /* SwitchGroupViewController.swift */; };
		496E3D181CDD506300072B3F /* GroupTableViewCell.swift in Sources */ = {isa = PBXBuildFile; fileRef = 496E3D171CDD506300072B3F /* GroupTableViewCell.swift */; };
		49742C661CC9A6CC0024415A /* AppDelegate.swift in Sources */ = {isa = PBXBuildFile; fileRef = 49742C651CC9A6CC0024415A /* AppDelegate.swift */; };
		49742C681CC9A6CC0024415A /* MainViewController.swift in Sources */ = {isa = PBXBuildFile; fileRef = 49742C671CC9A6CC0024415A /* MainViewController.swift */; };
		49742C6B1CC9A6CC0024415A /* Main.storyboard in Resources */ = {isa = PBXBuildFile; fileRef = 49742C691CC9A6CC0024415A /* Main.storyboard */; };
		49742C6D1CC9A6CC0024415A /* Assets.xcassets in Resources */ = {isa = PBXBuildFile; fileRef = 49742C6C1CC9A6CC0024415A /* Assets.xcassets */; };
		49742C701CC9A6CC0024415A /* LaunchScreen.storyboard in Resources */ = {isa = PBXBuildFile; fileRef = 49742C6E1CC9A6CC0024415A /* LaunchScreen.storyboard */; };
		49742C791CC9A7540024415A /* Database.swift in Sources */ = {isa = PBXBuildFile; fileRef = 49742C781CC9A7540024415A /* Database.swift */; };
		49742C7B1CC9B6BE0024415A /* TaskCollectionViewCell.swift in Sources */ = {isa = PBXBuildFile; fileRef = 49742C7A1CC9B6BE0024415A /* TaskCollectionViewCell.swift */; };
		49742C7E1CC9B82C0024415A /* UIImage+Flickr.swift in Sources */ = {isa = PBXBuildFile; fileRef = 49742C7D1CC9B82C0024415A /* UIImage+Flickr.swift */; };
		49742CCB1CC9F6D00024415A /* DataViewController.swift in Sources */ = {isa = PBXBuildFile; fileRef = 49742CCA1CC9F6D00024415A /* DataViewController.swift */; };
		49742CCD1CC9F7370024415A /* UIColor+rüm.swift in Sources */ = {isa = PBXBuildFile; fileRef = 49742CCC1CC9F7370024415A /* UIColor+rüm.swift */; };
		497893B31CD3D919004D7371 /* NotificationManager.swift in Sources */ = {isa = PBXBuildFile; fileRef = 497893B21CD3D919004D7371 /* NotificationManager.swift */; };
		497B63351CD5228300DCE361 /* FacebookManager.swift in Sources */ = {isa = PBXBuildFile; fileRef = 497B63341CD5228300DCE361 /* FacebookManager.swift */; };
		497B633B1CD5256600DCE361 /* LoginViewController.swift in Sources */ = {isa = PBXBuildFile; fileRef = 497B633A1CD5256600DCE361 /* LoginViewController.swift */; };
		49962C271CD909B80012C365 /* SignupViewController.swift in Sources */ = {isa = PBXBuildFile; fileRef = 49962C261CD909B80012C365 /* SignupViewController.swift */; };
		49962C291CD909C70012C365 /* WelcomeBackViewController.swift in Sources */ = {isa = PBXBuildFile; fileRef = 49962C281CD909C70012C365 /* WelcomeBackViewController.swift */; };
		49962C2B1CD938210012C365 /* JoinViewController.swift in Sources */ = {isa = PBXBuildFile; fileRef = 49962C2A1CD938210012C365 /* JoinViewController.swift */; };
		49962C2D1CD961840012C365 /* CreateGroupViewController.swift in Sources */ = {isa = PBXBuildFile; fileRef = 49962C2C1CD961840012C365 /* CreateGroupViewController.swift */; };
		49BD46DE1CDFE12600C66536 /* AssignTaskViewController.swift in Sources */ = {isa = PBXBuildFile; fileRef = 49BD46DD1CDFE12600C66536 /* AssignTaskViewController.swift */; };
		49BD46E01CDFEC0A00C66536 /* MemberTableViewCell.swift in Sources */ = {isa = PBXBuildFile; fileRef = 49BD46DF1CDFEC0A00C66536 /* MemberTableViewCell.swift */; };
		49C04ABD1CE267E000E0F1DA /* ActionButton.swift in Sources */ = {isa = PBXBuildFile; fileRef = 49C04ABC1CE267E000E0F1DA /* ActionButton.swift */; };
		4F2B410C1CE528AE00601AA8 /* CardViewController.swift in Sources */ = {isa = PBXBuildFile; fileRef = 4F2B410A1CE528AE00601AA8 /* CardViewController.swift */; };
		4F2B410F1CE537AA00601AA8 /* CardViewController.storyboard in Resources */ = {isa = PBXBuildFile; fileRef = 4F2B410E1CE537AA00601AA8 /* CardViewController.storyboard */; };
		4F5B4D5D1CE1691A001C7806 /* GoogleService-Info.plist in Resources */ = {isa = PBXBuildFile; fileRef = 4F5B4D5C1CE1691A001C7806 /* GoogleService-Info.plist */; };
		4F5B4D5F1CE16BB2001C7806 /* Charts.framework in Frameworks */ = {isa = PBXBuildFile; fileRef = 4F5B4D5E1CE16BB2001C7806 /* Charts.framework */; };
		4F5B4D611CE16BBD001C7806 /* Bolts.framework in Frameworks */ = {isa = PBXBuildFile; fileRef = 4F5B4D601CE16BBD001C7806 /* Bolts.framework */; };
		4F5B4D631CE16BCE001C7806 /* FBSDKLoginKit.framework in Frameworks */ = {isa = PBXBuildFile; fileRef = 4F5B4D621CE16BCE001C7806 /* FBSDKLoginKit.framework */; };
		4F5B4D661CE16F00001C7806 /* GA.swift in Sources */ = {isa = PBXBuildFile; fileRef = 4F5B4D651CE16F00001C7806 /* GA.swift */; };
		4FB0BA1B1CE4563B00E1741E /* Kudos.storyboard in Resources */ = {isa = PBXBuildFile; fileRef = 4FB0BA1A1CE4563B00E1741E /* Kudos.storyboard */; };
		4FB0BA231CE45C5F00E1741E /* KudosFaceCell.swift in Sources */ = {isa = PBXBuildFile; fileRef = 4FB0BA211CE45C5F00E1741E /* KudosFaceCell.swift */; };
		4FB0BA241CE45C5F00E1741E /* KudosFaceCell.xib in Resources */ = {isa = PBXBuildFile; fileRef = 4FB0BA221CE45C5F00E1741E /* KudosFaceCell.xib */; };
		4FB0BA261CE4673500E1741E /* KudosButton.swift in Sources */ = {isa = PBXBuildFile; fileRef = 4FB0BA251CE4673500E1741E /* KudosButton.swift */; };
		4FDAA6501CE3C50800B364AC /* HeartsParticle.sks in Resources */ = {isa = PBXBuildFile; fileRef = 4FDAA64E1CE3C50800B364AC /* HeartsParticle.sks */; };
		4FDAA6531CE3C65300B364AC /* Hearts.swift in Sources */ = {isa = PBXBuildFile; fileRef = 4FDAA6521CE3C65300B364AC /* Hearts.swift */; };
		4FDAA6551CE3F86A00B364AC /* SwitchGroup.storyboard in Resources */ = {isa = PBXBuildFile; fileRef = 4FDAA6541CE3F86A00B364AC /* SwitchGroup.storyboard */; };
		4FDAA6581CE404BD00B364AC /* GroupCell.swift in Sources */ = {isa = PBXBuildFile; fileRef = 4FDAA6571CE404BD00B364AC /* GroupCell.swift */; };
		4FDAA65A1CE404FF00B364AC /* GroupCell.xib in Resources */ = {isa = PBXBuildFile; fileRef = 4FDAA6591CE404FF00B364AC /* GroupCell.xib */; };
		4FDAA65C1CE4108100B364AC /* UIView+animations.swift in Sources */ = {isa = PBXBuildFile; fileRef = 4FDAA65B1CE4108100B364AC /* UIView+animations.swift */; };
		4FDAA65F1CE43D1000B364AC /* Login.storyboard in Resources */ = {isa = PBXBuildFile; fileRef = 4FDAA65D1CE43D1000B364AC /* Login.storyboard */; };
		4FFE58181CE2923200B3B00B /* Todo.storyboard in Resources */ = {isa = PBXBuildFile; fileRef = 4FFE58161CE2923200B3B00B /* Todo.storyboard */; };
		4FFE581C1CE2960F00B3B00B /* LastTaskCell.swift in Sources */ = {isa = PBXBuildFile; fileRef = 4FFE581A1CE2960F00B3B00B /* LastTaskCell.swift */; };
		4FFE581D1CE2960F00B3B00B /* LastTaskCell.xib in Resources */ = {isa = PBXBuildFile; fileRef = 4FFE581B1CE2960F00B3B00B /* LastTaskCell.xib */; };
		4FFE58201CE2B01200B3B00B /* TodoCell.swift in Sources */ = {isa = PBXBuildFile; fileRef = 4FFE581E1CE2B01200B3B00B /* TodoCell.swift */; };
		4FFE58211CE2B01200B3B00B /* TodoCell.xib in Resources */ = {isa = PBXBuildFile; fileRef = 4FFE581F1CE2B01200B3B00B /* TodoCell.xib */; };
		4FFE58251CE2C15100B3B00B /* TableSectionHeaderView.xib in Resources */ = {isa = PBXBuildFile; fileRef = 4FFE58241CE2C15100B3B00B /* TableSectionHeaderView.xib */; };
		4FFE58271CE2C1E800B3B00B /* TableSectionHeaderView.swift in Sources */ = {isa = PBXBuildFile; fileRef = 4FFE58261CE2C1E800B3B00B /* TableSectionHeaderView.swift */; };
		4FFE582A1CE2C82A00B3B00B /* QuickCompleteCell.swift in Sources */ = {isa = PBXBuildFile; fileRef = 4FFE58281CE2C82A00B3B00B /* QuickCompleteCell.swift */; };
		4FFE582B1CE2C82A00B3B00B /* QuickCompleteCell.xib in Resources */ = {isa = PBXBuildFile; fileRef = 4FFE58291CE2C82A00B3B00B /* QuickCompleteCell.xib */; };
		4FFE582E1CE2CF4400B3B00B /* QuickCompleteCollectionViewCell.swift in Sources */ = {isa = PBXBuildFile; fileRef = 4FFE582C1CE2CF4400B3B00B /* QuickCompleteCollectionViewCell.swift */; };
		4FFE582F1CE2CF4400B3B00B /* QuickCompleteCollectionViewCell.xib in Resources */ = {isa = PBXBuildFile; fileRef = 4FFE582D1CE2CF4400B3B00B /* QuickCompleteCollectionViewCell.xib */; };
		4FFE58331CE2EF8700B3B00B /* TextInput.storyboard in Resources */ = {isa = PBXBuildFile; fileRef = 4FFE58321CE2EF8700B3B00B /* TextInput.storyboard */; };
		4FFE58371CE2F16F00B3B00B /* TextInputViewController.swift in Sources */ = {isa = PBXBuildFile; fileRef = 4FFE58361CE2F16F00B3B00B /* TextInputViewController.swift */; };
/* End PBXBuildFile section */

/* Begin PBXCopyFilesBuildPhase section */
		49742CAA1CC9F4BA0024415A /* Embed Frameworks */ = {
			isa = PBXCopyFilesBuildPhase;
			buildActionMask = 2147483647;
			dstPath = "";
			dstSubfolderSpec = 10;
			files = (
			);
			name = "Embed Frameworks";
			runOnlyForDeploymentPostprocessing = 0;
		};
/* End PBXCopyFilesBuildPhase section */

/* Begin PBXFileReference section */
		0DBBF63E879859E40233BBA8 /* Pods.release.xcconfig */ = {isa = PBXFileReference; includeInIndex = 1; lastKnownFileType = text.xcconfig; name = Pods.release.xcconfig; path = "Pods/Target Support Files/Pods/Pods.release.xcconfig"; sourceTree = "<group>"; };
		42AAAF2BAEAE9ACD926969B4 /* Pods.debug.xcconfig */ = {isa = PBXFileReference; includeInIndex = 1; lastKnownFileType = text.xcconfig; name = Pods.debug.xcconfig; path = "Pods/Target Support Files/Pods/Pods.debug.xcconfig"; sourceTree = "<group>"; };
		49086F0C1CDBBEE9001144D6 /* AddNewChoreTableViewCell.swift */ = {isa = PBXFileReference; fileEncoding = 4; lastKnownFileType = sourcecode.swift; path = AddNewChoreTableViewCell.swift; sourceTree = "<group>"; };
		49086F0E1CDBBEFE001144D6 /* ChoreTableViewCell.swift */ = {isa = PBXFileReference; fileEncoding = 4; lastKnownFileType = sourcecode.swift; path = ChoreTableViewCell.swift; sourceTree = "<group>"; };
		491C32531CD8728900B6ABAA /* NetworkingManager.swift */ = {isa = PBXFileReference; fileEncoding = 4; lastKnownFileType = sourcecode.swift; path = NetworkingManager.swift; sourceTree = "<group>"; };
		494A827A1CD40C8F001C0BAA /* Hope.aif */ = {isa = PBXFileReference; lastKnownFileType = file; path = Hope.aif; sourceTree = "<group>"; };
		496589711CE540A0006BC319 /* AssignTask.storyboard */ = {isa = PBXFileReference; fileEncoding = 4; lastKnownFileType = file.storyboard; path = AssignTask.storyboard; sourceTree = "<group>"; };
		496D51A81CCDD1D600754D3E /* rüm-Bridging-Header.h */ = {isa = PBXFileReference; lastKnownFileType = sourcecode.c.h; path = "rüm-Bridging-Header.h"; sourceTree = "<group>"; };
		496E3D151CDD4C1C00072B3F /* SwitchGroupViewController.swift */ = {isa = PBXFileReference; fileEncoding = 4; lastKnownFileType = sourcecode.swift; path = SwitchGroupViewController.swift; sourceTree = "<group>"; };
		496E3D171CDD506300072B3F /* GroupTableViewCell.swift */ = {isa = PBXFileReference; fileEncoding = 4; lastKnownFileType = sourcecode.swift; path = GroupTableViewCell.swift; sourceTree = "<group>"; };
		49742C621CC9A6CB0024415A /* rüm.app */ = {isa = PBXFileReference; explicitFileType = wrapper.application; includeInIndex = 0; path = "rüm.app"; sourceTree = BUILT_PRODUCTS_DIR; };
		49742C651CC9A6CC0024415A /* AppDelegate.swift */ = {isa = PBXFileReference; lastKnownFileType = sourcecode.swift; path = AppDelegate.swift; sourceTree = "<group>"; };
		49742C671CC9A6CC0024415A /* MainViewController.swift */ = {isa = PBXFileReference; lastKnownFileType = sourcecode.swift; path = MainViewController.swift; sourceTree = "<group>"; };
		49742C6A1CC9A6CC0024415A /* Base */ = {isa = PBXFileReference; lastKnownFileType = file.storyboard; name = Base; path = Base.lproj/Main.storyboard; sourceTree = "<group>"; };
		49742C6C1CC9A6CC0024415A /* Assets.xcassets */ = {isa = PBXFileReference; lastKnownFileType = folder.assetcatalog; path = Assets.xcassets; sourceTree = "<group>"; };
		49742C6F1CC9A6CC0024415A /* Base */ = {isa = PBXFileReference; lastKnownFileType = file.storyboard; name = Base; path = Base.lproj/LaunchScreen.storyboard; sourceTree = "<group>"; };
		49742C711CC9A6CC0024415A /* Info.plist */ = {isa = PBXFileReference; lastKnownFileType = text.plist.xml; path = Info.plist; sourceTree = "<group>"; };
		49742C781CC9A7540024415A /* Database.swift */ = {isa = PBXFileReference; fileEncoding = 4; lastKnownFileType = sourcecode.swift; path = Database.swift; sourceTree = "<group>"; };
		49742C7A1CC9B6BE0024415A /* TaskCollectionViewCell.swift */ = {isa = PBXFileReference; fileEncoding = 4; lastKnownFileType = sourcecode.swift; path = TaskCollectionViewCell.swift; sourceTree = "<group>"; };
		49742C7D1CC9B82C0024415A /* UIImage+Flickr.swift */ = {isa = PBXFileReference; fileEncoding = 4; lastKnownFileType = sourcecode.swift; path = "UIImage+Flickr.swift"; sourceTree = "<group>"; };
		49742CCA1CC9F6D00024415A /* DataViewController.swift */ = {isa = PBXFileReference; fileEncoding = 4; lastKnownFileType = sourcecode.swift; path = DataViewController.swift; sourceTree = "<group>"; };
		49742CCC1CC9F7370024415A /* UIColor+rüm.swift */ = {isa = PBXFileReference; fileEncoding = 4; lastKnownFileType = sourcecode.swift; path = "UIColor+rüm.swift"; sourceTree = "<group>"; };
		497893B21CD3D919004D7371 /* NotificationManager.swift */ = {isa = PBXFileReference; fileEncoding = 4; lastKnownFileType = sourcecode.swift; path = NotificationManager.swift; sourceTree = "<group>"; };
		497B63341CD5228300DCE361 /* FacebookManager.swift */ = {isa = PBXFileReference; fileEncoding = 4; lastKnownFileType = sourcecode.swift; path = FacebookManager.swift; sourceTree = "<group>"; };
		497B633A1CD5256600DCE361 /* LoginViewController.swift */ = {isa = PBXFileReference; fileEncoding = 4; lastKnownFileType = sourcecode.swift; path = LoginViewController.swift; sourceTree = "<group>"; };
		49962C261CD909B80012C365 /* SignupViewController.swift */ = {isa = PBXFileReference; fileEncoding = 4; lastKnownFileType = sourcecode.swift; path = SignupViewController.swift; sourceTree = "<group>"; };
		49962C281CD909C70012C365 /* WelcomeBackViewController.swift */ = {isa = PBXFileReference; fileEncoding = 4; lastKnownFileType = sourcecode.swift; path = WelcomeBackViewController.swift; sourceTree = "<group>"; };
		49962C2A1CD938210012C365 /* JoinViewController.swift */ = {isa = PBXFileReference; fileEncoding = 4; lastKnownFileType = sourcecode.swift; path = JoinViewController.swift; sourceTree = "<group>"; };
		49962C2C1CD961840012C365 /* CreateGroupViewController.swift */ = {isa = PBXFileReference; fileEncoding = 4; lastKnownFileType = sourcecode.swift; path = CreateGroupViewController.swift; sourceTree = "<group>"; };
		49BD46DD1CDFE12600C66536 /* AssignTaskViewController.swift */ = {isa = PBXFileReference; fileEncoding = 4; lastKnownFileType = sourcecode.swift; path = AssignTaskViewController.swift; sourceTree = "<group>"; };
		49BD46DF1CDFEC0A00C66536 /* MemberTableViewCell.swift */ = {isa = PBXFileReference; fileEncoding = 4; lastKnownFileType = sourcecode.swift; path = MemberTableViewCell.swift; sourceTree = "<group>"; };
		49C04ABC1CE267E000E0F1DA /* ActionButton.swift */ = {isa = PBXFileReference; fileEncoding = 4; lastKnownFileType = sourcecode.swift; path = ActionButton.swift; sourceTree = "<group>"; };
		4F2B410A1CE528AE00601AA8 /* CardViewController.swift */ = {isa = PBXFileReference; fileEncoding = 4; lastKnownFileType = sourcecode.swift; path = CardViewController.swift; sourceTree = "<group>"; };
		4F2B410E1CE537AA00601AA8 /* CardViewController.storyboard */ = {isa = PBXFileReference; fileEncoding = 4; lastKnownFileType = file.storyboard; path = CardViewController.storyboard; sourceTree = "<group>"; };
		4F5B4D5C1CE1691A001C7806 /* GoogleService-Info.plist */ = {isa = PBXFileReference; fileEncoding = 4; lastKnownFileType = text.plist.xml; path = "GoogleService-Info.plist"; sourceTree = "<group>"; };
		4F5B4D5E1CE16BB2001C7806 /* Charts.framework */ = {isa = PBXFileReference; lastKnownFileType = wrapper.framework; name = Charts.framework; path = "../../../../../Library/Developer/Xcode/DerivedData/rüm-dmpxukuxznzgcwgmdaspaehpbuct/Build/Products/Debug-iphonesimulator/Charts.framework"; sourceTree = "<group>"; };
		4F5B4D601CE16BBD001C7806 /* Bolts.framework */ = {isa = PBXFileReference; lastKnownFileType = wrapper.framework; name = Bolts.framework; path = "../../../../../Library/Developer/Xcode/DerivedData/rüm-dmpxukuxznzgcwgmdaspaehpbuct/Build/Products/Debug-iphonesimulator/Bolts.framework"; sourceTree = "<group>"; };
		4F5B4D621CE16BCE001C7806 /* FBSDKLoginKit.framework */ = {isa = PBXFileReference; lastKnownFileType = wrapper.framework; name = FBSDKLoginKit.framework; path = "../../../../../Library/Developer/Xcode/DerivedData/rüm-dmpxukuxznzgcwgmdaspaehpbuct/Build/Products/Debug-iphonesimulator/FBSDKLoginKit.framework"; sourceTree = "<group>"; };
		4F5B4D651CE16F00001C7806 /* GA.swift */ = {isa = PBXFileReference; fileEncoding = 4; lastKnownFileType = sourcecode.swift; path = GA.swift; sourceTree = "<group>"; };
		4FB0BA1A1CE4563B00E1741E /* Kudos.storyboard */ = {isa = PBXFileReference; fileEncoding = 4; lastKnownFileType = file.storyboard; path = Kudos.storyboard; sourceTree = "<group>"; };
		4FB0BA211CE45C5F00E1741E /* KudosFaceCell.swift */ = {isa = PBXFileReference; fileEncoding = 4; lastKnownFileType = sourcecode.swift; path = KudosFaceCell.swift; sourceTree = "<group>"; };
		4FB0BA221CE45C5F00E1741E /* KudosFaceCell.xib */ = {isa = PBXFileReference; fileEncoding = 4; lastKnownFileType = file.xib; path = KudosFaceCell.xib; sourceTree = "<group>"; };
		4FB0BA251CE4673500E1741E /* KudosButton.swift */ = {isa = PBXFileReference; fileEncoding = 4; lastKnownFileType = sourcecode.swift; path = KudosButton.swift; sourceTree = "<group>"; };
		4FDAA64E1CE3C50800B364AC /* HeartsParticle.sks */ = {isa = PBXFileReference; lastKnownFileType = file.sks; path = HeartsParticle.sks; sourceTree = "<group>"; };
		4FDAA6521CE3C65300B364AC /* Hearts.swift */ = {isa = PBXFileReference; fileEncoding = 4; lastKnownFileType = sourcecode.swift; path = Hearts.swift; sourceTree = "<group>"; };
		4FDAA6541CE3F86A00B364AC /* SwitchGroup.storyboard */ = {isa = PBXFileReference; fileEncoding = 4; lastKnownFileType = file.storyboard; path = SwitchGroup.storyboard; sourceTree = "<group>"; };
		4FDAA6571CE404BD00B364AC /* GroupCell.swift */ = {isa = PBXFileReference; fileEncoding = 4; lastKnownFileType = sourcecode.swift; path = GroupCell.swift; sourceTree = "<group>"; };
		4FDAA6591CE404FF00B364AC /* GroupCell.xib */ = {isa = PBXFileReference; fileEncoding = 4; lastKnownFileType = file.xib; path = GroupCell.xib; sourceTree = "<group>"; };
		4FDAA65B1CE4108100B364AC /* UIView+animations.swift */ = {isa = PBXFileReference; fileEncoding = 4; lastKnownFileType = sourcecode.swift; path = "UIView+animations.swift"; sourceTree = "<group>"; };
		4FDAA65E1CE43D1000B364AC /* Base */ = {isa = PBXFileReference; lastKnownFileType = file.storyboard; name = Base; path = Base.lproj/Login.storyboard; sourceTree = "<group>"; };
		4FFE58171CE2923200B3B00B /* Base */ = {isa = PBXFileReference; lastKnownFileType = file.storyboard; name = Base; path = Base.lproj/Todo.storyboard; sourceTree = "<group>"; };
		4FFE581A1CE2960F00B3B00B /* LastTaskCell.swift */ = {isa = PBXFileReference; fileEncoding = 4; lastKnownFileType = sourcecode.swift; path = LastTaskCell.swift; sourceTree = "<group>"; };
		4FFE581B1CE2960F00B3B00B /* LastTaskCell.xib */ = {isa = PBXFileReference; fileEncoding = 4; lastKnownFileType = file.xib; path = LastTaskCell.xib; sourceTree = "<group>"; };
		4FFE581E1CE2B01200B3B00B /* TodoCell.swift */ = {isa = PBXFileReference; fileEncoding = 4; lastKnownFileType = sourcecode.swift; path = TodoCell.swift; sourceTree = "<group>"; };
		4FFE581F1CE2B01200B3B00B /* TodoCell.xib */ = {isa = PBXFileReference; fileEncoding = 4; lastKnownFileType = file.xib; path = TodoCell.xib; sourceTree = "<group>"; };
		4FFE58241CE2C15100B3B00B /* TableSectionHeaderView.xib */ = {isa = PBXFileReference; fileEncoding = 4; lastKnownFileType = file.xib; path = TableSectionHeaderView.xib; sourceTree = "<group>"; };
		4FFE58261CE2C1E800B3B00B /* TableSectionHeaderView.swift */ = {isa = PBXFileReference; fileEncoding = 4; lastKnownFileType = sourcecode.swift; path = TableSectionHeaderView.swift; sourceTree = "<group>"; };
		4FFE58281CE2C82A00B3B00B /* QuickCompleteCell.swift */ = {isa = PBXFileReference; fileEncoding = 4; lastKnownFileType = sourcecode.swift; path = QuickCompleteCell.swift; sourceTree = "<group>"; };
		4FFE58291CE2C82A00B3B00B /* QuickCompleteCell.xib */ = {isa = PBXFileReference; fileEncoding = 4; lastKnownFileType = file.xib; path = QuickCompleteCell.xib; sourceTree = "<group>"; };
		4FFE582C1CE2CF4400B3B00B /* QuickCompleteCollectionViewCell.swift */ = {isa = PBXFileReference; fileEncoding = 4; lastKnownFileType = sourcecode.swift; path = QuickCompleteCollectionViewCell.swift; sourceTree = "<group>"; };
		4FFE582D1CE2CF4400B3B00B /* QuickCompleteCollectionViewCell.xib */ = {isa = PBXFileReference; fileEncoding = 4; lastKnownFileType = file.xib; path = QuickCompleteCollectionViewCell.xib; sourceTree = "<group>"; };
		4FFE58321CE2EF8700B3B00B /* TextInput.storyboard */ = {isa = PBXFileReference; fileEncoding = 4; lastKnownFileType = file.storyboard; path = TextInput.storyboard; sourceTree = "<group>"; };
		4FFE58361CE2F16F00B3B00B /* TextInputViewController.swift */ = {isa = PBXFileReference; fileEncoding = 4; lastKnownFileType = sourcecode.swift; path = TextInputViewController.swift; sourceTree = "<group>"; };
		8203871C678ED87348E9EF84 /* Pods.framework */ = {isa = PBXFileReference; explicitFileType = wrapper.framework; includeInIndex = 0; path = Pods.framework; sourceTree = BUILT_PRODUCTS_DIR; };
/* End PBXFileReference section */

/* Begin PBXFrameworksBuildPhase section */
		49742C5F1CC9A6CB0024415A /* Frameworks */ = {
			isa = PBXFrameworksBuildPhase;
			buildActionMask = 2147483647;
			files = (
				4F5B4D611CE16BBD001C7806 /* Bolts.framework in Frameworks */,
				1AC5A4FE57F031961DB68CC5 /* Pods.framework in Frameworks */,
				4F5B4D631CE16BCE001C7806 /* FBSDKLoginKit.framework in Frameworks */,
				4F5B4D5F1CE16BB2001C7806 /* Charts.framework in Frameworks */,
			);
			runOnlyForDeploymentPostprocessing = 0;
		};
/* End PBXFrameworksBuildPhase section */

/* Begin PBXGroup section */
		496042711CD03BB600B658A0 /* Model */ = {
			isa = PBXGroup;
			children = (
				49742C781CC9A7540024415A /* Database.swift */,
			);
			name = Model;
			sourceTree = "<group>";
		};
		496042721CD03BBD00B658A0 /* Views */ = {
			isa = PBXGroup;
			children = (
				49742C7A1CC9B6BE0024415A /* TaskCollectionViewCell.swift */,
				49086F0C1CDBBEE9001144D6 /* AddNewChoreTableViewCell.swift */,
				49086F0E1CDBBEFE001144D6 /* ChoreTableViewCell.swift */,
				496E3D171CDD506300072B3F /* GroupTableViewCell.swift */,
				49BD46DF1CDFEC0A00C66536 /* MemberTableViewCell.swift */,
				49C04ABC1CE267E000E0F1DA /* ActionButton.swift */,
				4FDAA6521CE3C65300B364AC /* Hearts.swift */,
				4FDAA64E1CE3C50800B364AC /* HeartsParticle.sks */,
			);
			name = Views;
			sourceTree = "<group>";
		};
		496589731CE540C2006BC319 /* AssignTask */ = {
			isa = PBXGroup;
			children = (
				496589711CE540A0006BC319 /* AssignTask.storyboard */,
			);
			name = AssignTask;
			sourceTree = "<group>";
		};
		49742C591CC9A6CB0024415A = {
			isa = PBXGroup;
			children = (
				4F5B4D5E1CE16BB2001C7806 /* Charts.framework */,
				4F5B4D5C1CE1691A001C7806 /* GoogleService-Info.plist */,
				49742C641CC9A6CC0024415A /* rüm */,
				49742C631CC9A6CB0024415A /* Products */,
				903682CCBD68C0727CAD49F4 /* Pods */,
				E986462516E1DA5CD102F044 /* Frameworks */,
			);
			sourceTree = "<group>";
		};
		49742C631CC9A6CB0024415A /* Products */ = {
			isa = PBXGroup;
			children = (
				49742C621CC9A6CB0024415A /* rüm.app */,
			);
			name = Products;
			sourceTree = "<group>";
		};
		49742C641CC9A6CC0024415A /* rüm */ = {
			isa = PBXGroup;
			children = (
				4FFE580E1CE28D3900B3B00B /* Storyboards */,
				4F5B4D641CE16EF2001C7806 /* Analytics */,
				49742C7F1CC9F27A0024415A /* Support */,
				49742C801CC9F2830024415A /* Extensions */,
				496042711CD03BB600B658A0 /* Model */,
				496042721CD03BBD00B658A0 /* Views */,
				497893B41CD3D91D004D7371 /* Managers */,
				49742C691CC9A6CC0024415A /* Main.storyboard */,
				4FDAA65D1CE43D1000B364AC /* Login.storyboard */,
				4FDAA6561CE4045800B364AC /* SwitchGroup */,
				4FFE58351CE2EF9400B3B00B /* TextInput */,
				4FFE58191CE295BD00B3B00B /* Todo */,
				496589731CE540C2006BC319 /* AssignTask */,
				49742C671CC9A6CC0024415A /* MainViewController.swift */,
				49962C2E1CD9618F0012C365 /* Login View Controllers */,
				49BD46DD1CDFE12600C66536 /* AssignTaskViewController.swift */,
				4F2B410A1CE528AE00601AA8 /* CardViewController.swift */,
				4F2B410E1CE537AA00601AA8 /* CardViewController.storyboard */,
				4FB0BA1C1CE4570F00E1741E /* Kudos */,
				49742C651CC9A6CC0024415A /* AppDelegate.swift */,
				49742C6C1CC9A6CC0024415A /* Assets.xcassets */,
			);
			path = "rüm";
			sourceTree = "<group>";
		};
		49742C7F1CC9F27A0024415A /* Support */ = {
			isa = PBXGroup;
			children = (
				494A827A1CD40C8F001C0BAA /* Hope.aif */,
				49742C711CC9A6CC0024415A /* Info.plist */,
				496D51A81CCDD1D600754D3E /* rüm-Bridging-Header.h */,
				49742C6E1CC9A6CC0024415A /* LaunchScreen.storyboard */,
			);
			name = Support;
			sourceTree = "<group>";
		};
		49742C801CC9F2830024415A /* Extensions */ = {
			isa = PBXGroup;
			children = (
				49742C7D1CC9B82C0024415A /* UIImage+Flickr.swift */,
				49742CCC1CC9F7370024415A /* UIColor+rüm.swift */,
				4FDAA65B1CE4108100B364AC /* UIView+animations.swift */,
			);
			name = Extensions;
			sourceTree = "<group>";
		};
		497893B41CD3D91D004D7371 /* Managers */ = {
			isa = PBXGroup;
			children = (
				497893B21CD3D919004D7371 /* NotificationManager.swift */,
				497B63341CD5228300DCE361 /* FacebookManager.swift */,
				491C32531CD8728900B6ABAA /* NetworkingManager.swift */,
			);
			name = Managers;
			sourceTree = "<group>";
		};
		49962C2E1CD9618F0012C365 /* Login View Controllers */ = {
			isa = PBXGroup;
			children = (
				497B633A1CD5256600DCE361 /* LoginViewController.swift */,
				49962C261CD909B80012C365 /* SignupViewController.swift */,
				49962C2C1CD961840012C365 /* CreateGroupViewController.swift */,
				49962C2A1CD938210012C365 /* JoinViewController.swift */,
				49962C281CD909C70012C365 /* WelcomeBackViewController.swift */,
			);
			name = "Login View Controllers";
			sourceTree = "<group>";
		};
		4F5B4D641CE16EF2001C7806 /* Analytics */ = {
			isa = PBXGroup;
			children = (
				4F5B4D651CE16F00001C7806 /* GA.swift */,
			);
			name = Analytics;
			sourceTree = "<group>";
		};
		4FB0BA1C1CE4570F00E1741E /* Kudos */ = {
			isa = PBXGroup;
			children = (
				4FB0BA1A1CE4563B00E1741E /* Kudos.storyboard */,
				49742CCA1CC9F6D00024415A /* DataViewController.swift */,
				4FB0BA211CE45C5F00E1741E /* KudosFaceCell.swift */,
				4FB0BA221CE45C5F00E1741E /* KudosFaceCell.xib */,
			);
			name = Kudos;
			sourceTree = "<group>";
		};
		4FDAA6561CE4045800B364AC /* SwitchGroup */ = {
			isa = PBXGroup;
			children = (
				4FDAA6541CE3F86A00B364AC /* SwitchGroup.storyboard */,
				4FDAA6571CE404BD00B364AC /* GroupCell.swift */,
				4FDAA6591CE404FF00B364AC /* GroupCell.xib */,
				496E3D151CDD4C1C00072B3F /* SwitchGroupViewController.swift */,
			);
			name = SwitchGroup;
			sourceTree = "<group>";
		};
		4FFE580E1CE28D3900B3B00B /* Storyboards */ = {
			isa = PBXGroup;
			children = (
			);
			name = Storyboards;
			sourceTree = "<group>";
		};
		4FFE58191CE295BD00B3B00B /* Todo */ = {
			isa = PBXGroup;
			children = (
				4FFE58161CE2923200B3B00B /* Todo.storyboard */,
				4FFE581A1CE2960F00B3B00B /* LastTaskCell.swift */,
				4FFE581B1CE2960F00B3B00B /* LastTaskCell.xib */,
				4FFE581E1CE2B01200B3B00B /* TodoCell.swift */,
				4FFE581F1CE2B01200B3B00B /* TodoCell.xib */,
				4FFE58241CE2C15100B3B00B /* TableSectionHeaderView.xib */,
				4FFE58261CE2C1E800B3B00B /* TableSectionHeaderView.swift */,
				4FFE58281CE2C82A00B3B00B /* QuickCompleteCell.swift */,
				4FFE58291CE2C82A00B3B00B /* QuickCompleteCell.xib */,
				4FFE582C1CE2CF4400B3B00B /* QuickCompleteCollectionViewCell.swift */,
				4FFE582D1CE2CF4400B3B00B /* QuickCompleteCollectionViewCell.xib */,
				4FB0BA251CE4673500E1741E /* KudosButton.swift */,
			);
			name = Todo;
			sourceTree = "<group>";
		};
		4FFE58351CE2EF9400B3B00B /* TextInput */ = {
			isa = PBXGroup;
			children = (
				4FFE58321CE2EF8700B3B00B /* TextInput.storyboard */,
				4FFE58361CE2F16F00B3B00B /* TextInputViewController.swift */,
			);
			name = TextInput;
			sourceTree = "<group>";
		};
		903682CCBD68C0727CAD49F4 /* Pods */ = {
			isa = PBXGroup;
			children = (
				42AAAF2BAEAE9ACD926969B4 /* Pods.debug.xcconfig */,
				0DBBF63E879859E40233BBA8 /* Pods.release.xcconfig */,
			);
			name = Pods;
			sourceTree = "<group>";
		};
		E986462516E1DA5CD102F044 /* Frameworks */ = {
			isa = PBXGroup;
			children = (
				4F5B4D601CE16BBD001C7806 /* Bolts.framework */,
				4F5B4D621CE16BCE001C7806 /* FBSDKLoginKit.framework */,
				8203871C678ED87348E9EF84 /* Pods.framework */,
			);
			name = Frameworks;
			sourceTree = "<group>";
		};
/* End PBXGroup section */

/* Begin PBXNativeTarget section */
		49742C611CC9A6CB0024415A /* rüm */ = {
			isa = PBXNativeTarget;
			buildConfigurationList = 49742C741CC9A6CC0024415A /* Build configuration list for PBXNativeTarget "rüm" */;
			buildPhases = (
				C364AF7BB1E0D19937752A45 /* Check Pods Manifest.lock */,
				49742C5E1CC9A6CB0024415A /* Sources */,
				49742C5F1CC9A6CB0024415A /* Frameworks */,
				49742C601CC9A6CB0024415A /* Resources */,
				49742CAA1CC9F4BA0024415A /* Embed Frameworks */,
				16029522F09C61FA89DC02DF /* Embed Pods Frameworks */,
				190EE9E60AC27BAA2E4CCD15 /* Copy Pods Resources */,
			);
			buildRules = (
			);
			dependencies = (
			);
			name = "rüm";
			productName = "rüm";
			productReference = 49742C621CC9A6CB0024415A /* rüm.app */;
			productType = "com.apple.product-type.application";
		};
/* End PBXNativeTarget section */

/* Begin PBXProject section */
		49742C5A1CC9A6CB0024415A /* Project object */ = {
			isa = PBXProject;
			attributes = {
				LastSwiftUpdateCheck = 0730;
				LastUpgradeCheck = 0730;
				ORGANIZATIONNAME = "Fang Industries";
				TargetAttributes = {
					49742C611CC9A6CB0024415A = {
						CreatedOnToolsVersion = 7.3;
						DevelopmentTeam = H99QX4J54R;
						SystemCapabilities = {
							com.apple.Push = {
								enabled = 1;
							};
						};
					};
				};
			};
			buildConfigurationList = 49742C5D1CC9A6CB0024415A /* Build configuration list for PBXProject "rüm" */;
			compatibilityVersion = "Xcode 3.2";
			developmentRegion = English;
			hasScannedForEncodings = 0;
			knownRegions = (
				en,
				Base,
			);
			mainGroup = 49742C591CC9A6CB0024415A;
			productRefGroup = 49742C631CC9A6CB0024415A /* Products */;
			projectDirPath = "";
			projectRoot = "";
			targets = (
				49742C611CC9A6CB0024415A /* rüm */,
			);
		};
/* End PBXProject section */

/* Begin PBXResourcesBuildPhase section */
		49742C601CC9A6CB0024415A /* Resources */ = {
			isa = PBXResourcesBuildPhase;
			buildActionMask = 2147483647;
			files = (
				4FDAA65F1CE43D1000B364AC /* Login.storyboard in Resources */,
				4FB0BA241CE45C5F00E1741E /* KudosFaceCell.xib in Resources */,
				4FFE58331CE2EF8700B3B00B /* TextInput.storyboard in Resources */,
				49742C701CC9A6CC0024415A /* LaunchScreen.storyboard in Resources */,
				49742C6D1CC9A6CC0024415A /* Assets.xcassets in Resources */,
				4FFE582B1CE2C82A00B3B00B /* QuickCompleteCell.xib in Resources */,
				4FFE582F1CE2CF4400B3B00B /* QuickCompleteCollectionViewCell.xib in Resources */,
				4F5B4D5D1CE1691A001C7806 /* GoogleService-Info.plist in Resources */,
				4FFE58211CE2B01200B3B00B /* TodoCell.xib in Resources */,
				4F2B410F1CE537AA00601AA8 /* CardViewController.storyboard in Resources */,
				4FB0BA1B1CE4563B00E1741E /* Kudos.storyboard in Resources */,
				4FFE58251CE2C15100B3B00B /* TableSectionHeaderView.xib in Resources */,
				496589721CE540A0006BC319 /* AssignTask.storyboard in Resources */,
				4FDAA6551CE3F86A00B364AC /* SwitchGroup.storyboard in Resources */,
				4FDAA6501CE3C50800B364AC /* HeartsParticle.sks in Resources */,
				494A827B1CD40C8F001C0BAA /* Hope.aif in Resources */,
				4FFE58181CE2923200B3B00B /* Todo.storyboard in Resources */,
				4FFE581D1CE2960F00B3B00B /* LastTaskCell.xib in Resources */,
				4FDAA65A1CE404FF00B364AC /* GroupCell.xib in Resources */,
				49742C6B1CC9A6CC0024415A /* Main.storyboard in Resources */,
			);
			runOnlyForDeploymentPostprocessing = 0;
		};
/* End PBXResourcesBuildPhase section */

/* Begin PBXShellScriptBuildPhase section */
		16029522F09C61FA89DC02DF /* Embed Pods Frameworks */ = {
			isa = PBXShellScriptBuildPhase;
			buildActionMask = 2147483647;
			files = (
			);
			inputPaths = (
			);
			name = "Embed Pods Frameworks";
			outputPaths = (
			);
			runOnlyForDeploymentPostprocessing = 0;
			shellPath = /bin/sh;
			shellScript = "\"${SRCROOT}/Pods/Target Support Files/Pods/Pods-frameworks.sh\"\n";
			showEnvVarsInLog = 0;
		};
		190EE9E60AC27BAA2E4CCD15 /* Copy Pods Resources */ = {
			isa = PBXShellScriptBuildPhase;
			buildActionMask = 2147483647;
			files = (
			);
			inputPaths = (
			);
			name = "Copy Pods Resources";
			outputPaths = (
			);
			runOnlyForDeploymentPostprocessing = 0;
			shellPath = /bin/sh;
			shellScript = "\"${SRCROOT}/Pods/Target Support Files/Pods/Pods-resources.sh\"\n";
			showEnvVarsInLog = 0;
		};
		C364AF7BB1E0D19937752A45 /* Check Pods Manifest.lock */ = {
			isa = PBXShellScriptBuildPhase;
			buildActionMask = 2147483647;
			files = (
			);
			inputPaths = (
			);
			name = "Check Pods Manifest.lock";
			outputPaths = (
			);
			runOnlyForDeploymentPostprocessing = 0;
			shellPath = /bin/sh;
			shellScript = "diff \"${PODS_ROOT}/../Podfile.lock\" \"${PODS_ROOT}/Manifest.lock\" > /dev/null\nif [[ $? != 0 ]] ; then\n    cat << EOM\nerror: The sandbox is not in sync with the Podfile.lock. Run 'pod install' or update your CocoaPods installation.\nEOM\n    exit 1\nfi\n";
			showEnvVarsInLog = 0;
		};
/* End PBXShellScriptBuildPhase section */

/* Begin PBXSourcesBuildPhase section */
		49742C5E1CC9A6CB0024415A /* Sources */ = {
			isa = PBXSourcesBuildPhase;
			buildActionMask = 2147483647;
			files = (
				49086F0D1CDBBEE9001144D6 /* AddNewChoreTableViewCell.swift in Sources */,
				4F5B4D661CE16F00001C7806 /* GA.swift in Sources */,
				4FDAA6581CE404BD00B364AC /* GroupCell.swift in Sources */,
				49742C7E1CC9B82C0024415A /* UIImage+Flickr.swift in Sources */,
				4FFE58371CE2F16F00B3B00B /* TextInputViewController.swift in Sources */,
				49742C791CC9A7540024415A /* Database.swift in Sources */,
				4FB0BA261CE4673500E1741E /* KudosButton.swift in Sources */,
				49C04ABD1CE267E000E0F1DA /* ActionButton.swift in Sources */,
				4F2B410C1CE528AE00601AA8 /* CardViewController.swift in Sources */,
				49962C291CD909C70012C365 /* WelcomeBackViewController.swift in Sources */,
				49BD46DE1CDFE12600C66536 /* AssignTaskViewController.swift in Sources */,
				4FDAA65C1CE4108100B364AC /* UIView+animations.swift in Sources */,
				49742C7B1CC9B6BE0024415A /* TaskCollectionViewCell.swift in Sources */,
				49742CCD1CC9F7370024415A /* UIColor+rüm.swift in Sources */,
				4FFE582E1CE2CF4400B3B00B /* QuickCompleteCollectionViewCell.swift in Sources */,
				49962C2D1CD961840012C365 /* CreateGroupViewController.swift in Sources */,
				49742C681CC9A6CC0024415A /* MainViewController.swift in Sources */,
				49962C2B1CD938210012C365 /* JoinViewController.swift in Sources */,
				4FFE582A1CE2C82A00B3B00B /* QuickCompleteCell.swift in Sources */,
				4FFE58271CE2C1E800B3B00B /* TableSectionHeaderView.swift in Sources */,
				4FFE581C1CE2960F00B3B00B /* LastTaskCell.swift in Sources */,
				49BD46E01CDFEC0A00C66536 /* MemberTableViewCell.swift in Sources */,
				49742CCB1CC9F6D00024415A /* DataViewController.swift in Sources */,
				49962C271CD909B80012C365 /* SignupViewController.swift in Sources */,
				49086F0F1CDBBEFE001144D6 /* ChoreTableViewCell.swift in Sources */,
				497B63351CD5228300DCE361 /* FacebookManager.swift in Sources */,
				4FDAA6531CE3C65300B364AC /* Hearts.swift in Sources */,
				4FB0BA231CE45C5F00E1741E /* KudosFaceCell.swift in Sources */,
				496E3D181CDD506300072B3F /* GroupTableViewCell.swift in Sources */,
				491C32541CD8728900B6ABAA /* NetworkingManager.swift in Sources */,
				496E3D161CDD4C1C00072B3F /* SwitchGroupViewController.swift in Sources */,
				497893B31CD3D919004D7371 /* NotificationManager.swift in Sources */,
				497B633B1CD5256600DCE361 /* LoginViewController.swift in Sources */,
				4FFE58201CE2B01200B3B00B /* TodoCell.swift in Sources */,
				49742C661CC9A6CC0024415A /* AppDelegate.swift in Sources */,
			);
			runOnlyForDeploymentPostprocessing = 0;
		};
/* End PBXSourcesBuildPhase section */

/* Begin PBXVariantGroup section */
		49742C691CC9A6CC0024415A /* Main.storyboard */ = {
			isa = PBXVariantGroup;
			children = (
				49742C6A1CC9A6CC0024415A /* Base */,
			);
			name = Main.storyboard;
			sourceTree = "<group>";
		};
		49742C6E1CC9A6CC0024415A /* LaunchScreen.storyboard */ = {
			isa = PBXVariantGroup;
			children = (
				49742C6F1CC9A6CC0024415A /* Base */,
			);
			name = LaunchScreen.storyboard;
			sourceTree = "<group>";
		};
		4FDAA65D1CE43D1000B364AC /* Login.storyboard */ = {
			isa = PBXVariantGroup;
			children = (
				4FDAA65E1CE43D1000B364AC /* Base */,
			);
			name = Login.storyboard;
			sourceTree = "<group>";
		};
		4FFE58161CE2923200B3B00B /* Todo.storyboard */ = {
			isa = PBXVariantGroup;
			children = (
				4FFE58171CE2923200B3B00B /* Base */,
			);
			name = Todo.storyboard;
			sourceTree = "<group>";
		};
/* End PBXVariantGroup section */

/* Begin XCBuildConfiguration section */
		49742C721CC9A6CC0024415A /* Debug */ = {
			isa = XCBuildConfiguration;
			buildSettings = {
				ALWAYS_SEARCH_USER_PATHS = NO;
				CLANG_ANALYZER_NONNULL = YES;
				CLANG_CXX_LANGUAGE_STANDARD = "gnu++0x";
				CLANG_CXX_LIBRARY = "libc++";
				CLANG_ENABLE_MODULES = YES;
				CLANG_ENABLE_OBJC_ARC = YES;
				CLANG_WARN_BOOL_CONVERSION = YES;
				CLANG_WARN_CONSTANT_CONVERSION = YES;
				CLANG_WARN_DIRECT_OBJC_ISA_USAGE = YES_ERROR;
				CLANG_WARN_EMPTY_BODY = YES;
				CLANG_WARN_ENUM_CONVERSION = YES;
				CLANG_WARN_INT_CONVERSION = YES;
				CLANG_WARN_OBJC_ROOT_CLASS = YES_ERROR;
				CLANG_WARN_UNREACHABLE_CODE = YES;
				CLANG_WARN__DUPLICATE_METHOD_MATCH = YES;
				"CODE_SIGN_IDENTITY[sdk=iphoneos*]" = "iPhone Developer";
				COPY_PHASE_STRIP = NO;
				DEBUG_INFORMATION_FORMAT = dwarf;
				ENABLE_STRICT_OBJC_MSGSEND = YES;
				ENABLE_TESTABILITY = YES;
				GCC_C_LANGUAGE_STANDARD = gnu99;
				GCC_DYNAMIC_NO_PIC = NO;
				GCC_NO_COMMON_BLOCKS = YES;
				GCC_OPTIMIZATION_LEVEL = 0;
				GCC_PREPROCESSOR_DEFINITIONS = (
					"DEBUG=1",
					"$(inherited)",
				);
				GCC_WARN_64_TO_32_BIT_CONVERSION = YES;
				GCC_WARN_ABOUT_RETURN_TYPE = YES_ERROR;
				GCC_WARN_UNDECLARED_SELECTOR = YES;
				GCC_WARN_UNINITIALIZED_AUTOS = YES_AGGRESSIVE;
				GCC_WARN_UNUSED_FUNCTION = YES;
				GCC_WARN_UNUSED_VARIABLE = YES;
				IPHONEOS_DEPLOYMENT_TARGET = 9.3;
				MTL_ENABLE_DEBUG_INFO = YES;
				ONLY_ACTIVE_ARCH = YES;
				SDKROOT = iphoneos;
				SWIFT_OPTIMIZATION_LEVEL = "-Onone";
				TARGETED_DEVICE_FAMILY = "1,2";
			};
			name = Debug;
		};
		49742C731CC9A6CC0024415A /* Release */ = {
			isa = XCBuildConfiguration;
			buildSettings = {
				ALWAYS_SEARCH_USER_PATHS = NO;
				CLANG_ANALYZER_NONNULL = YES;
				CLANG_CXX_LANGUAGE_STANDARD = "gnu++0x";
				CLANG_CXX_LIBRARY = "libc++";
				CLANG_ENABLE_MODULES = YES;
				CLANG_ENABLE_OBJC_ARC = YES;
				CLANG_WARN_BOOL_CONVERSION = YES;
				CLANG_WARN_CONSTANT_CONVERSION = YES;
				CLANG_WARN_DIRECT_OBJC_ISA_USAGE = YES_ERROR;
				CLANG_WARN_EMPTY_BODY = YES;
				CLANG_WARN_ENUM_CONVERSION = YES;
				CLANG_WARN_INT_CONVERSION = YES;
				CLANG_WARN_OBJC_ROOT_CLASS = YES_ERROR;
				CLANG_WARN_UNREACHABLE_CODE = YES;
				CLANG_WARN__DUPLICATE_METHOD_MATCH = YES;
				"CODE_SIGN_IDENTITY[sdk=iphoneos*]" = "iPhone Developer";
				COPY_PHASE_STRIP = NO;
				DEBUG_INFORMATION_FORMAT = "dwarf-with-dsym";
				ENABLE_NS_ASSERTIONS = NO;
				ENABLE_STRICT_OBJC_MSGSEND = YES;
				GCC_C_LANGUAGE_STANDARD = gnu99;
				GCC_NO_COMMON_BLOCKS = YES;
				GCC_WARN_64_TO_32_BIT_CONVERSION = YES;
				GCC_WARN_ABOUT_RETURN_TYPE = YES_ERROR;
				GCC_WARN_UNDECLARED_SELECTOR = YES;
				GCC_WARN_UNINITIALIZED_AUTOS = YES_AGGRESSIVE;
				GCC_WARN_UNUSED_FUNCTION = YES;
				GCC_WARN_UNUSED_VARIABLE = YES;
				IPHONEOS_DEPLOYMENT_TARGET = 9.3;
				MTL_ENABLE_DEBUG_INFO = NO;
				SDKROOT = iphoneos;
				TARGETED_DEVICE_FAMILY = "1,2";
				VALIDATE_PRODUCT = YES;
			};
			name = Release;
		};
		49742C751CC9A6CC0024415A /* Debug */ = {
			isa = XCBuildConfiguration;
			baseConfigurationReference = 42AAAF2BAEAE9ACD926969B4 /* Pods.debug.xcconfig */;
			buildSettings = {
				ASSETCATALOG_COMPILER_APPICON_NAME = AppIcon;
				CLANG_ENABLE_MODULES = YES;
				CODE_SIGN_IDENTITY = "iPhone Developer";
				"CODE_SIGN_IDENTITY[sdk=iphoneos*]" = "iPhone Developer";
				EMBEDDED_CONTENT_CONTAINS_SWIFT = YES;
				FRAMEWORK_SEARCH_PATHS = (
					"$(inherited)",
					"$(PROJECT_DIR)",
				);
				INFOPLIST_FILE = "rüm/Info.plist";
				LD_RUNPATH_SEARCH_PATHS = "$(inherited) @executable_path/Frameworks";
				PRODUCT_BUNDLE_IDENTIFIER = com.andrewbfang.kudos;
				PRODUCT_NAME = "$(TARGET_NAME)";
				PROVISIONING_PROFILE = "";
				SWIFT_OBJC_BRIDGING_HEADER = "rüm/rüm-Bridging-Header.h";
				SWIFT_OPTIMIZATION_LEVEL = "-Onone";
			};
			name = Debug;
		};
		49742C761CC9A6CC0024415A /* Release */ = {
			isa = XCBuildConfiguration;
			baseConfigurationReference = 0DBBF63E879859E40233BBA8 /* Pods.release.xcconfig */;
			buildSettings = {
				ASSETCATALOG_COMPILER_APPICON_NAME = AppIcon;
				CLANG_ENABLE_MODULES = YES;
				CODE_SIGN_IDENTITY = "iPhone Developer";
				"CODE_SIGN_IDENTITY[sdk=iphoneos*]" = "iPhone Developer";
				EMBEDDED_CONTENT_CONTAINS_SWIFT = YES;
				FRAMEWORK_SEARCH_PATHS = (
					"$(inherited)",
					"$(PROJECT_DIR)",
				);
				INFOPLIST_FILE = "rüm/Info.plist";
				LD_RUNPATH_SEARCH_PATHS = "$(inherited) @executable_path/Frameworks";
				PRODUCT_BUNDLE_IDENTIFIER = com.andrewbfang.kudos;
				PRODUCT_NAME = "$(TARGET_NAME)";
				PROVISIONING_PROFILE = "";
				SWIFT_OBJC_BRIDGING_HEADER = "rüm/rüm-Bridging-Header.h";
			};
			name = Release;
		};
/* End XCBuildConfiguration section */

/* Begin XCConfigurationList section */
		49742C5D1CC9A6CB0024415A /* Build configuration list for PBXProject "rüm" */ = {
			isa = XCConfigurationList;
			buildConfigurations = (
				49742C721CC9A6CC0024415A /* Debug */,
				49742C731CC9A6CC0024415A /* Release */,
			);
			defaultConfigurationIsVisible = 0;
			defaultConfigurationName = Release;
		};
		49742C741CC9A6CC0024415A /* Build configuration list for PBXNativeTarget "rüm" */ = {
			isa = XCConfigurationList;
			buildConfigurations = (
				49742C751CC9A6CC0024415A /* Debug */,
				49742C761CC9A6CC0024415A /* Release */,
			);
			defaultConfigurationIsVisible = 0;
			defaultConfigurationName = Release;
		};
/* End XCConfigurationList section */
	};
	rootObject = 49742C5A1CC9A6CB0024415A /* Project object */;
}
